
Microsoft Visual Studio Solution File, Format Version 12.00
# Visual Studio Version 17
VisualStudioVersion = 17.2.32526.322
MinimumVisualStudioVersion = 10.0.40219.1
Project("{FAE04EC0-301F-11D3-BF4B-00C04F79EFBC}") = "WebApplication1", "WebApplication1.csproj", "{882FAC67-BD1C-4667-BE10-C4E5262FCCA8}"
EndProject
Global
	GlobalSection(SolutionConfigurationPlatforms) = preSolution
		Debug|Any CPU = Debug|Any CPU
		Release|Any CPU = Release|Any CPU
	EndGlobalSection
	GlobalSection(ProjectConfigurationPlatforms) = postSolution
		{882FAC67-BD1C-4667-BE10-C4E5262FCCA8}.Debug|Any CPU.ActiveCfg = Debug|Any CPU
		{882FAC67-BD1C-4667-BE10-C4E5262FCCA8}.Debug|Any CPU.Build.0 = Debug|Any CPU
		{882FAC67-BD1C-4667-BE10-C4E5262FCCA8}.Release|Any CPU.ActiveCfg = Release|Any CPU
		{882FAC67-BD1C-4667-BE10-C4E5262FCCA8}.Release|Any CPU.Build.0 = Release|Any CPU
	EndGlobalSection
	GlobalSection(SolutionProperties) = preSolution
		HideSolutionNode = FALSE
	EndGlobalSection
	GlobalSection(ExtensibilityGlobals) = postSolution
		SolutionGuid = {77E55232-5688-4CD6-ABED-A8DBD519ACB8}
	EndGlobalSection
EndGlobal
